
Microsoft Visual Studio Solution File, Format Version 12.00
# Visual Studio 15
VisualStudioVersion = 15.0.27428.2015
MinimumVisualStudioVersion = 10.0.40219.1
Project("{9A19103F-16F7-4668-BE54-9A1E7A4F7556}") = "TensoDertBack.API", "TensoDertBack.API\TensoDertBack.API.csproj", "{96A43DE6-E621-45E0-9872-8D85F19C1138}"
EndProject
Project("{9A19103F-16F7-4668-BE54-9A1E7A4F7556}") = "TensoDertBack.EFRepository", "TensoDertBack.EFRepository\TensoDertBack.EFRepository.csproj", "{F5C8BB53-E54F-42E4-9498-BFA7DB6C9D37}"
EndProject
Project("{9A19103F-16F7-4668-BE54-9A1E7A4F7556}") = "TensoDertBack.Entities", "TensoDertBack.Entities\TensoDertBack.Entities.csproj", "{E77EF018-058F-4001-B18E-11F812039EE7}"
EndProject
Project("{9A19103F-16F7-4668-BE54-9A1E7A4F7556}") = "TensoDertBack.Interfaces", "TensoDertBack.Interfaces\TensoDertBack.Interfaces.csproj", "{BB9F18BD-980A-42DC-8F80-0D4B307A05AF}"
EndProject
Project("{9A19103F-16F7-4668-BE54-9A1E7A4F7556}") = "TensoDertBack.SharedSettingsProvider", "TensoDertBack.SharedSettingsProvider\TensoDertBack.SharedSettingsProvider.csproj", "{72AB5518-BBBE-488B-B4CD-594F5CFA21A9}"
EndProject
Global
	GlobalSection(SolutionConfigurationPlatforms) = preSolution
		Debug|Any CPU = Debug|Any CPU
		Release|Any CPU = Release|Any CPU
	EndGlobalSection
	GlobalSection(ProjectConfigurationPlatforms) = postSolution
		{96A43DE6-E621-45E0-9872-8D85F19C1138}.Debug|Any CPU.ActiveCfg = Debug|Any CPU
		{96A43DE6-E621-45E0-9872-8D85F19C1138}.Debug|Any CPU.Build.0 = Debug|Any CPU
		{96A43DE6-E621-45E0-9872-8D85F19C1138}.Release|Any CPU.ActiveCfg = Release|Any CPU
		{96A43DE6-E621-45E0-9872-8D85F19C1138}.Release|Any CPU.Build.0 = Release|Any CPU
		{F5C8BB53-E54F-42E4-9498-BFA7DB6C9D37}.Debug|Any CPU.ActiveCfg = Debug|Any CPU
		{F5C8BB53-E54F-42E4-9498-BFA7DB6C9D37}.Debug|Any CPU.Build.0 = Debug|Any CPU
		{F5C8BB53-E54F-42E4-9498-BFA7DB6C9D37}.Release|Any CPU.ActiveCfg = Release|Any CPU
		{F5C8BB53-E54F-42E4-9498-BFA7DB6C9D37}.Release|Any CPU.Build.0 = Release|Any CPU
		{E77EF018-058F-4001-B18E-11F812039EE7}.Debug|Any CPU.ActiveCfg = Debug|Any CPU
		{E77EF018-058F-4001-B18E-11F812039EE7}.Debug|Any CPU.Build.0 = Debug|Any CPU
		{E77EF018-058F-4001-B18E-11F812039EE7}.Release|Any CPU.ActiveCfg = Release|Any CPU
		{E77EF018-058F-4001-B18E-11F812039EE7}.Release|Any CPU.Build.0 = Release|Any CPU
		{BB9F18BD-980A-42DC-8F80-0D4B307A05AF}.Debug|Any CPU.ActiveCfg = Debug|Any CPU
		{BB9F18BD-980A-42DC-8F80-0D4B307A05AF}.Debug|Any CPU.Build.0 = Debug|Any CPU
		{BB9F18BD-980A-42DC-8F80-0D4B307A05AF}.Release|Any CPU.ActiveCfg = Release|Any CPU
		{BB9F18BD-980A-42DC-8F80-0D4B307A05AF}.Release|Any CPU.Build.0 = Release|Any CPU
		{72AB5518-BBBE-488B-B4CD-594F5CFA21A9}.Debug|Any CPU.ActiveCfg = Debug|Any CPU
		{72AB5518-BBBE-488B-B4CD-594F5CFA21A9}.Debug|Any CPU.Build.0 = Debug|Any CPU
		{72AB5518-BBBE-488B-B4CD-594F5CFA21A9}.Release|Any CPU.ActiveCfg = Release|Any CPU
		{72AB5518-BBBE-488B-B4CD-594F5CFA21A9}.Release|Any CPU.Build.0 = Release|Any CPU
	EndGlobalSection
	GlobalSection(SolutionProperties) = preSolution
		HideSolutionNode = FALSE
	EndGlobalSection
	GlobalSection(ExtensibilityGlobals) = postSolution
		SolutionGuid = {D81ED634-C1ED-4A70-9999-AA6B10F594DC}
	EndGlobalSection
EndGlobal
